
Microsoft Visual Studio Solution File, Format Version 12.00
# Visual Studio Version 17
VisualStudioVersion = 17.8.34511.84
MinimumVisualStudioVersion = 10.0.40219.1
Project("{FAE04EC0-301F-11D3-BF4B-00C04F79EFBC}") = "FILE(stream)", "FILE(stream)\FILE(stream).csproj", "{9819967E-D794-46C8-9798-94958A0A15B0}"
EndProject
Global
	GlobalSection(SolutionConfigurationPlatforms) = preSolution
		Debug|Any CPU = Debug|Any CPU
		Release|Any CPU = Release|Any CPU
	EndGlobalSection
	GlobalSection(ProjectConfigurationPlatforms) = postSolution
		{9819967E-D794-46C8-9798-94958A0A15B0}.Debug|Any CPU.ActiveCfg = Debug|Any CPU
		{9819967E-D794-46C8-9798-94958A0A15B0}.Debug|Any CPU.Build.0 = Debug|Any CPU
		{9819967E-D794-46C8-9798-94958A0A15B0}.Release|Any CPU.ActiveCfg = Release|Any CPU
		{9819967E-D794-46C8-9798-94958A0A15B0}.Release|Any CPU.Build.0 = Release|Any CPU
	EndGlobalSection
	GlobalSection(SolutionProperties) = preSolution
		HideSolutionNode = FALSE
	EndGlobalSection
	GlobalSection(ExtensibilityGlobals) = postSolution
		SolutionGuid = {44842D99-5580-4A8D-A253-11411DFE4188}
	EndGlobalSection
EndGlobal
